
Microsoft Visual Studio Solution File, Format Version 12.00
Project("{FAE04EC0-301F-11D3-BF4B-00C04F79EFBC}") = "webParser", "webParser\webParser.csproj", "{C89390E4-A4ED-41BA-BDBB-2E19E91D8DD0}"
EndProject
Project("{2150E333-8FDC-42A3-9474-1A3956D46DE8}") = "ProjectFiles", "ProjectFiles", "{0D4384CB-C44C-4DD0-8961-C4E380AE044D}"
	ProjectSection(SolutionItems) = preProject
		docker-compose.yml = docker-compose.yml
	EndProjectSection
EndProject
Project("{FAE04EC0-301F-11D3-BF4B-00C04F79EFBC}") = "TestWebParser", "TestWebParser\TestWebParser.csproj", "{DC1C8D40-EAA1-465F-B34B-77871B45371F}"
EndProject
Global
	GlobalSection(SolutionConfigurationPlatforms) = preSolution
		Debug|Any CPU = Debug|Any CPU
		Release|Any CPU = Release|Any CPU
	EndGlobalSection
	GlobalSection(ProjectConfigurationPlatforms) = postSolution
		{C89390E4-A4ED-41BA-BDBB-2E19E91D8DD0}.Debug|Any CPU.ActiveCfg = Debug|Any CPU
		{C89390E4-A4ED-41BA-BDBB-2E19E91D8DD0}.Debug|Any CPU.Build.0 = Debug|Any CPU
		{C89390E4-A4ED-41BA-BDBB-2E19E91D8DD0}.Release|Any CPU.ActiveCfg = Release|Any CPU
		{C89390E4-A4ED-41BA-BDBB-2E19E91D8DD0}.Release|Any CPU.Build.0 = Release|Any CPU
		{DC1C8D40-EAA1-465F-B34B-77871B45371F}.Debug|Any CPU.ActiveCfg = Debug|Any CPU
		{DC1C8D40-EAA1-465F-B34B-77871B45371F}.Debug|Any CPU.Build.0 = Debug|Any CPU
		{DC1C8D40-EAA1-465F-B34B-77871B45371F}.Release|Any CPU.ActiveCfg = Release|Any CPU
		{DC1C8D40-EAA1-465F-B34B-77871B45371F}.Release|Any CPU.Build.0 = Release|Any CPU
	EndGlobalSection
EndGlobal
